// !$*UTF8*$!
{
	archiveVersion = 1;
	classes = {
	};
	objectVersion = 50;
	objects = {

/* Begin PBXBuildFile section */
		218F039221AD4BDD00ED0550 /* BackgroundWorker.swift in Sources */ = {isa = PBXBuildFile; fileRef = 218F039121AD4BDD00ED0550 /* BackgroundWorker.swift */; };
		218F039521AD4C1700ED0550 /* RealmNotificationsWorker.swift in Sources */ = {isa = PBXBuildFile; fileRef = 218F039421AD4C1700ED0550 /* RealmNotificationsWorker.swift */; };
		21A63C7C21A83201002415E3 /* AppDelegate.swift in Sources */ = {isa = PBXBuildFile; fileRef = 21A63C7B21A83201002415E3 /* AppDelegate.swift */; };
		21A63C7E21A83201002415E3 /* ViewController.swift in Sources */ = {isa = PBXBuildFile; fileRef = 21A63C7D21A83201002415E3 /* ViewController.swift */; };
		21A63C8121A83201002415E3 /* Main.storyboard in Resources */ = {isa = PBXBuildFile; fileRef = 21A63C7F21A83201002415E3 /* Main.storyboard */; };
		21A63C8321A83203002415E3 /* Assets.xcassets in Resources */ = {isa = PBXBuildFile; fileRef = 21A63C8221A83203002415E3 /* Assets.xcassets */; };
		21A63C8621A83203002415E3 /* LaunchScreen.storyboard in Resources */ = {isa = PBXBuildFile; fileRef = 21A63C8421A83203002415E3 /* LaunchScreen.storyboard */; };
		21A63C8F21A836D7002415E3 /* UserMessage.swift in Sources */ = {isa = PBXBuildFile; fileRef = 21A63C8E21A836D7002415E3 /* UserMessage.swift */; };
		21A63C9321A836F0002415E3 /* DBMessage.swift in Sources */ = {isa = PBXBuildFile; fileRef = 21A63C9221A836F0002415E3 /* DBMessage.swift */; };
		21A63C9621A837AA002415E3 /* RealmWrapper.swift in Sources */ = {isa = PBXBuildFile; fileRef = 21A63C9521A837AA002415E3 /* RealmWrapper.swift */; };
		21A63C9921A849F9002415E3 /* TimerThread.swift in Sources */ = {isa = PBXBuildFile; fileRef = 21A63C9821A849F9002415E3 /* TimerThread.swift */; };
		DEAD0E709998EAF5E90A4F57 /* Pods_RealnBugTests.framework in Frameworks */ = {isa = PBXBuildFile; fileRef = EA917C186A94775432B8CF3D /* Pods_RealnBugTests.framework */; };
/* End PBXBuildFile section */

/* Begin PBXFileReference section */
		1653EA54214DAD58C5ABD904 /* Pods-RealnBugTests.debug.xcconfig */ = {isa = PBXFileReference; includeInIndex = 1; lastKnownFileType = text.xcconfig; name = "Pods-RealnBugTests.debug.xcconfig"; path = "Target Support Files/Pods-RealnBugTests/Pods-RealnBugTests.debug.xcconfig"; sourceTree = "<group>"; };
		218F039121AD4BDD00ED0550 /* BackgroundWorker.swift */ = {isa = PBXFileReference; lastKnownFileType = sourcecode.swift; path = BackgroundWorker.swift; sourceTree = "<group>"; };
		218F039421AD4C1700ED0550 /* RealmNotificationsWorker.swift */ = {isa = PBXFileReference; lastKnownFileType = sourcecode.swift; path = RealmNotificationsWorker.swift; sourceTree = "<group>"; };
		21A63C7821A83201002415E3 /* RealnBugTests.app */ = {isa = PBXFileReference; explicitFileType = wrapper.application; includeInIndex = 0; path = RealnBugTests.app; sourceTree = BUILT_PRODUCTS_DIR; };
		21A63C7B21A83201002415E3 /* AppDelegate.swift */ = {isa = PBXFileReference; lastKnownFileType = sourcecode.swift; path = AppDelegate.swift; sourceTree = "<group>"; };
		21A63C7D21A83201002415E3 /* ViewController.swift */ = {isa = PBXFileReference; lastKnownFileType = sourcecode.swift; path = ViewController.swift; sourceTree = "<group>"; };
		21A63C8021A83201002415E3 /* Base */ = {isa = PBXFileReference; lastKnownFileType = file.storyboard; name = Base; path = Base.lproj/Main.storyboard; sourceTree = "<group>"; };
		21A63C8221A83203002415E3 /* Assets.xcassets */ = {isa = PBXFileReference; lastKnownFileType = folder.assetcatalog; path = Assets.xcassets; sourceTree = "<group>"; };
		21A63C8521A83203002415E3 /* Base */ = {isa = PBXFileReference; lastKnownFileType = file.storyboard; name = Base; path = Base.lproj/LaunchScreen.storyboard; sourceTree = "<group>"; };
		21A63C8721A83203002415E3 /* Info.plist */ = {isa = PBXFileReference; lastKnownFileType = text.plist.xml; path = Info.plist; sourceTree = "<group>"; };
		21A63C8E21A836D7002415E3 /* UserMessage.swift */ = {isa = PBXFileReference; lastKnownFileType = sourcecode.swift; path = UserMessage.swift; sourceTree = "<group>"; };
		21A63C9221A836F0002415E3 /* DBMessage.swift */ = {isa = PBXFileReference; lastKnownFileType = sourcecode.swift; path = DBMessage.swift; sourceTree = "<group>"; };
		21A63C9521A837AA002415E3 /* RealmWrapper.swift */ = {isa = PBXFileReference; lastKnownFileType = sourcecode.swift; path = RealmWrapper.swift; sourceTree = "<group>"; };
		21A63C9821A849F9002415E3 /* TimerThread.swift */ = {isa = PBXFileReference; lastKnownFileType = sourcecode.swift; path = TimerThread.swift; sourceTree = "<group>"; };
		EA917C186A94775432B8CF3D /* Pods_RealnBugTests.framework */ = {isa = PBXFileReference; explicitFileType = wrapper.framework; includeInIndex = 0; path = Pods_RealnBugTests.framework; sourceTree = BUILT_PRODUCTS_DIR; };
		F857BBC2A9AF0040BA77E399 /* Pods-RealnBugTests.release.xcconfig */ = {isa = PBXFileReference; includeInIndex = 1; lastKnownFileType = text.xcconfig; name = "Pods-RealnBugTests.release.xcconfig"; path = "Target Support Files/Pods-RealnBugTests/Pods-RealnBugTests.release.xcconfig"; sourceTree = "<group>"; };
/* End PBXFileReference section */

/* Begin PBXFrameworksBuildPhase section */
		21A63C7521A83201002415E3 /* Frameworks */ = {
			isa = PBXFrameworksBuildPhase;
			buildActionMask = 2147483647;
			files = (
				DEAD0E709998EAF5E90A4F57 /* Pods_RealnBugTests.framework in Frameworks */,
			);
			runOnlyForDeploymentPostprocessing = 0;
		};
/* End PBXFrameworksBuildPhase section */

/* Begin PBXGroup section */
		218F038F21AD4B8200ED0550 /* Realm Thread */ = {
			isa = PBXGroup;
			children = (
				218F039321AD4C0300ED0550 /* Realm Notifications Worker */,
				218F039021AD4BCC00ED0550 /* Background Worker */,
			);
			path = "Realm Thread";
			sourceTree = "<group>";
		};
		218F039021AD4BCC00ED0550 /* Background Worker */ = {
			isa = PBXGroup;
			children = (
				218F039121AD4BDD00ED0550 /* BackgroundWorker.swift */,
			);
			path = "Background Worker";
			sourceTree = "<group>";
		};
		218F039321AD4C0300ED0550 /* Realm Notifications Worker */ = {
			isa = PBXGroup;
			children = (
				218F039421AD4C1700ED0550 /* RealmNotificationsWorker.swift */,
			);
			path = "Realm Notifications Worker";
			sourceTree = "<group>";
		};
		21A63C6F21A83201002415E3 = {
			isa = PBXGroup;
			children = (
				21A63C7A21A83201002415E3 /* RealnBugTests */,
				21A63C7921A83201002415E3 /* Products */,
				FE5B37DE9A758997A096C105 /* Frameworks */,
				6C8014DB66CD844F9F53180C /* Pods */,
			);
			sourceTree = "<group>";
		};
		21A63C7921A83201002415E3 /* Products */ = {
			isa = PBXGroup;
			children = (
				21A63C7821A83201002415E3 /* RealnBugTests.app */,
			);
			name = Products;
			sourceTree = "<group>";
		};
		21A63C7A21A83201002415E3 /* RealnBugTests */ = {
			isa = PBXGroup;
			children = (
				218F038F21AD4B8200ED0550 /* Realm Thread */,
				21A63C9721A849A2002415E3 /* Timer Thread */,
				21A63C9421A837A0002415E3 /* Realm Wrapper */,
				21A63C8D21A836C8002415E3 /* Models */,
				21A63C7B21A83201002415E3 /* AppDelegate.swift */,
				21A63C7D21A83201002415E3 /* ViewController.swift */,
				21A63C7F21A83201002415E3 /* Main.storyboard */,
				21A63C8221A83203002415E3 /* Assets.xcassets */,
				21A63C8421A83203002415E3 /* LaunchScreen.storyboard */,
				21A63C8721A83203002415E3 /* Info.plist */,
			);
			path = RealnBugTests;
			sourceTree = "<group>";
		};
		21A63C8D21A836C8002415E3 /* Models */ = {
			isa = PBXGroup;
			children = (
				21A63C8E21A836D7002415E3 /* UserMessage.swift */,
				21A63C9221A836F0002415E3 /* DBMessage.swift */,
			);
			path = Models;
			sourceTree = "<group>";
		};
		21A63C9421A837A0002415E3 /* Realm Wrapper */ = {
			isa = PBXGroup;
			children = (
				21A63C9521A837AA002415E3 /* RealmWrapper.swift */,
			);
			path = "Realm Wrapper";
			sourceTree = "<group>";
		};
		21A63C9721A849A2002415E3 /* Timer Thread */ = {
			isa = PBXGroup;
			children = (
				21A63C9821A849F9002415E3 /* TimerThread.swift */,
			);
			path = "Timer Thread";
			sourceTree = "<group>";
		};
		6C8014DB66CD844F9F53180C /* Pods */ = {
			isa = PBXGroup;
			children = (
				1653EA54214DAD58C5ABD904 /* Pods-RealnBugTests.debug.xcconfig */,
				F857BBC2A9AF0040BA77E399 /* Pods-RealnBugTests.release.xcconfig */,
			);
			path = Pods;
			sourceTree = "<group>";
		};
		FE5B37DE9A758997A096C105 /* Frameworks */ = {
			isa = PBXGroup;
			children = (
				EA917C186A94775432B8CF3D /* Pods_RealnBugTests.framework */,
			);
			name = Frameworks;
			sourceTree = "<group>";
		};
/* End PBXGroup section */

/* Begin PBXNativeTarget section */
		21A63C7721A83201002415E3 /* RealnBugTests */ = {
			isa = PBXNativeTarget;
			buildConfigurationList = 21A63C8A21A83203002415E3 /* Build configuration list for PBXNativeTarget "RealnBugTests" */;
			buildPhases = (
				86152ACC83C958907FEED948 /* [CP] Check Pods Manifest.lock */,
				21A63C7421A83201002415E3 /* Sources */,
				21A63C7521A83201002415E3 /* Frameworks */,
				21A63C7621A83201002415E3 /* Resources */,
				281E5F6698D543360F496E7F /* [CP] Embed Pods Frameworks */,
			);
			buildRules = (
			);
			dependencies = (
			);
			name = RealnBugTests;
			productName = RealnBugTests;
			productReference = 21A63C7821A83201002415E3 /* RealnBugTests.app */;
			productType = "com.apple.product-type.application";
		};
/* End PBXNativeTarget section */

/* Begin PBXProject section */
		21A63C7021A83201002415E3 /* Project object */ = {
			isa = PBXProject;
			attributes = {
				LastSwiftUpdateCheck = 1000;
				LastUpgradeCheck = 1000;
				ORGANIZATIONNAME = Ronte;
				TargetAttributes = {
					21A63C7721A83201002415E3 = {
						CreatedOnToolsVersion = 10.0;
					};
				};
			};
			buildConfigurationList = 21A63C7321A83201002415E3 /* Build configuration list for PBXProject "RealnBugTests" */;
			compatibilityVersion = "Xcode 9.3";
			developmentRegion = en;
			hasScannedForEncodings = 0;
			knownRegions = (
				en,
				Base,
			);
			mainGroup = 21A63C6F21A83201002415E3;
			productRefGroup = 21A63C7921A83201002415E3 /* Products */;
			projectDirPath = "";
			projectRoot = "";
			targets = (
				21A63C7721A83201002415E3 /* RealnBugTests */,
			);
		};
/* End PBXProject section */

/* Begin PBXResourcesBuildPhase section */
		21A63C7621A83201002415E3 /* Resources */ = {
			isa = PBXResourcesBuildPhase;
			buildActionMask = 2147483647;
			files = (
				21A63C8621A83203002415E3 /* LaunchScreen.storyboard in Resources */,
				21A63C8321A83203002415E3 /* Assets.xcassets in Resources */,
				21A63C8121A83201002415E3 /* Main.storyboard in Resources */,
			);
			runOnlyForDeploymentPostprocessing = 0;
		};
/* End PBXResourcesBuildPhase section */

/* Begin PBXShellScriptBuildPhase section */
		281E5F6698D543360F496E7F /* [CP] Embed Pods Frameworks */ = {
			isa = PBXShellScriptBuildPhase;
			buildActionMask = 2147483647;
			files = (
			);
			inputFileListPaths = (
			);
			inputPaths = (
				"${PODS_ROOT}/Target Support Files/Pods-RealnBugTests/Pods-RealnBugTests-frameworks.sh",
				"${BUILT_PRODUCTS_DIR}/Realm/Realm.framework",
				"${BUILT_PRODUCTS_DIR}/RealmSwift/RealmSwift.framework",
			);
			name = "[CP] Embed Pods Frameworks";
			outputFileListPaths = (
			);
			outputPaths = (
				"${TARGET_BUILD_DIR}/${FRAMEWORKS_FOLDER_PATH}/Realm.framework",
				"${TARGET_BUILD_DIR}/${FRAMEWORKS_FOLDER_PATH}/RealmSwift.framework",
			);
			runOnlyForDeploymentPostprocessing = 0;
			shellPath = /bin/sh;
			shellScript = "\"${PODS_ROOT}/Target Support Files/Pods-RealnBugTests/Pods-RealnBugTests-frameworks.sh\"\n";
			showEnvVarsInLog = 0;
		};
		86152ACC83C958907FEED948 /* [CP] Check Pods Manifest.lock */ = {
			isa = PBXShellScriptBuildPhase;
			buildActionMask = 2147483647;
			files = (
			);
			inputFileListPaths = (
			);
			inputPaths = (
				"${PODS_PODFILE_DIR_PATH}/Podfile.lock",
				"${PODS_ROOT}/Manifest.lock",
			);
			name = "[CP] Check Pods Manifest.lock";
			outputFileListPaths = (
			);
			outputPaths = (
				"$(DERIVED_FILE_DIR)/Pods-RealnBugTests-checkManifestLockResult.txt",
			);
			runOnlyForDeploymentPostprocessing = 0;
			shellPath = /bin/sh;
			shellScript = "diff \"${PODS_PODFILE_DIR_PATH}/Podfile.lock\" \"${PODS_ROOT}/Manifest.lock\" > /dev/null\nif [ $? != 0 ] ; then\n    # print error to STDERR\n    echo \"error: The sandbox is not in sync with the Podfile.lock. Run 'pod install' or update your CocoaPods installation.\" >&2\n    exit 1\nfi\n# This output is used by Xcode 'outputs' to avoid re-running this script phase.\necho \"SUCCESS\" > \"${SCRIPT_OUTPUT_FILE_0}\"\n";
			showEnvVarsInLog = 0;
		};
/* End PBXShellScriptBuildPhase section */

/* Begin PBXSourcesBuildPhase section */
		21A63C7421A83201002415E3 /* Sources */ = {
			isa = PBXSourcesBuildPhase;
			buildActionMask = 2147483647;
			files = (
				21A63C8F21A836D7002415E3 /* UserMessage.swift in Sources */,
				21A63C9321A836F0002415E3 /* DBMessage.swift in Sources */,
				218F039221AD4BDD00ED0550 /* BackgroundWorker.swift in Sources */,
				21A63C9621A837AA002415E3 /* RealmWrapper.swift in Sources */,
				21A63C9921A849F9002415E3 /* TimerThread.swift in Sources */,
				21A63C7E21A83201002415E3 /* ViewController.swift in Sources */,
				218F039521AD4C1700ED0550 /* RealmNotificationsWorker.swift in Sources */,
				21A63C7C21A83201002415E3 /* AppDelegate.swift in Sources */,
			);
			runOnlyForDeploymentPostprocessing = 0;
		};
/* End PBXSourcesBuildPhase section */

/* Begin PBXVariantGroup section */
		21A63C7F21A83201002415E3 /* Main.storyboard */ = {
			isa = PBXVariantGroup;
			children = (
				21A63C8021A83201002415E3 /* Base */,
			);
			name = Main.storyboard;
			sourceTree = "<group>";
		};
		21A63C8421A83203002415E3 /* LaunchScreen.storyboard */ = {
			isa = PBXVariantGroup;
			children = (
				21A63C8521A83203002415E3 /* Base */,
			);
			name = LaunchScreen.storyboard;
			sourceTree = "<group>";
		};
/* End PBXVariantGroup section */

/* Begin XCBuildConfiguration section */
		21A63C8821A83203002415E3 /* Debug */ = {
			isa = XCBuildConfiguration;
			buildSettings = {
				ALWAYS_SEARCH_USER_PATHS = NO;
				CLANG_ANALYZER_NONNULL = YES;
				CLANG_ANALYZER_NUMBER_OBJECT_CONVERSION = YES_AGGRESSIVE;
				CLANG_CXX_LANGUAGE_STANDARD = "gnu++14";
				CLANG_CXX_LIBRARY = "libc++";
				CLANG_ENABLE_MODULES = YES;
				CLANG_ENABLE_OBJC_ARC = YES;
				CLANG_ENABLE_OBJC_WEAK = YES;
				CLANG_WARN_BLOCK_CAPTURE_AUTORELEASING = YES;
				CLANG_WARN_BOOL_CONVERSION = YES;
				CLANG_WARN_COMMA = YES;
				CLANG_WARN_CONSTANT_CONVERSION = YES;
				CLANG_WARN_DEPRECATED_OBJC_IMPLEMENTATIONS = YES;
				CLANG_WARN_DIRECT_OBJC_ISA_USAGE = YES_ERROR;
				CLANG_WARN_DOCUMENTATION_COMMENTS = YES;
				CLANG_WARN_EMPTY_BODY = YES;
				CLANG_WARN_ENUM_CONVERSION = YES;
				CLANG_WARN_INFINITE_RECURSION = YES;
				CLANG_WARN_INT_CONVERSION = YES;
				CLANG_WARN_NON_LITERAL_NULL_CONVERSION = YES;
				CLANG_WARN_OBJC_IMPLICIT_RETAIN_SELF = YES;
				CLANG_WARN_OBJC_LITERAL_CONVERSION = YES;
				CLANG_WARN_OBJC_ROOT_CLASS = YES_ERROR;
				CLANG_WARN_RANGE_LOOP_ANALYSIS = YES;
				CLANG_WARN_STRICT_PROTOTYPES = YES;
				CLANG_WARN_SUSPICIOUS_MOVE = YES;
				CLANG_WARN_UNGUARDED_AVAILABILITY = YES_AGGRESSIVE;
				CLANG_WARN_UNREACHABLE_CODE = YES;
				CLANG_WARN__DUPLICATE_METHOD_MATCH = YES;
				CODE_SIGN_IDENTITY = "iPhone Developer";
				COPY_PHASE_STRIP = NO;
				DEBUG_INFORMATION_FORMAT = dwarf;
				ENABLE_STRICT_OBJC_MSGSEND = YES;
				ENABLE_TESTABILITY = YES;
				GCC_C_LANGUAGE_STANDARD = gnu11;
				GCC_DYNAMIC_NO_PIC = NO;
				GCC_NO_COMMON_BLOCKS = YES;
				GCC_OPTIMIZATION_LEVEL = 0;
				GCC_PREPROCESSOR_DEFINITIONS = (
					"DEBUG=1",
					"$(inherited)",
				);
				GCC_WARN_64_TO_32_BIT_CONVERSION = YES;
				GCC_WARN_ABOUT_RETURN_TYPE = YES_ERROR;
				GCC_WARN_UNDECLARED_SELECTOR = YES;
				GCC_WARN_UNINITIALIZED_AUTOS = YES_AGGRESSIVE;
				GCC_WARN_UNUSED_FUNCTION = YES;
				GCC_WARN_UNUSED_VARIABLE = YES;
				IPHONEOS_DEPLOYMENT_TARGET = 12.0;
				MTL_ENABLE_DEBUG_INFO = INCLUDE_SOURCE;
				MTL_FAST_MATH = YES;
				ONLY_ACTIVE_ARCH = YES;
				SDKROOT = iphoneos;
				SWIFT_ACTIVE_COMPILATION_CONDITIONS = DEBUG;
				SWIFT_OPTIMIZATION_LEVEL = "-Onone";
			};
			name = Debug;
		};
		21A63C8921A83203002415E3 /* Release */ = {
			isa = XCBuildConfiguration;
			buildSettings = {
				ALWAYS_SEARCH_USER_PATHS = NO;
				CLANG_ANALYZER_NONNULL = YES;
				CLANG_ANALYZER_NUMBER_OBJECT_CONVERSION = YES_AGGRESSIVE;
				CLANG_CXX_LANGUAGE_STANDARD = "gnu++14";
				CLANG_CXX_LIBRARY = "libc++";
				CLANG_ENABLE_MODULES = YES;
				CLANG_ENABLE_OBJC_ARC = YES;
				CLANG_ENABLE_OBJC_WEAK = YES;
				CLANG_WARN_BLOCK_CAPTURE_AUTORELEASING = YES;
				CLANG_WARN_BOOL_CONVERSION = YES;
				CLANG_WARN_COMMA = YES;
				CLANG_WARN_CONSTANT_CONVERSION = YES;
				CLANG_WARN_DEPRECATED_OBJC_IMPLEMENTATIONS = YES;
				CLANG_WARN_DIRECT_OBJC_ISA_USAGE = YES_ERROR;
				CLANG_WARN_DOCUMENTATION_COMMENTS = YES;
				CLANG_WARN_EMPTY_BODY = YES;
				CLANG_WARN_ENUM_CONVERSION = YES;
				CLANG_WARN_INFINITE_RECURSION = YES;
				CLANG_WARN_INT_CONVERSION = YES;
				CLANG_WARN_NON_LITERAL_NULL_CONVERSION = YES;
				CLANG_WARN_OBJC_IMPLICIT_RETAIN_SELF = YES;
				CLANG_WARN_OBJC_LITERAL_CONVERSION = YES;
				CLANG_WARN_OBJC_ROOT_CLASS = YES_ERROR;
				CLANG_WARN_RANGE_LOOP_ANALYSIS = YES;
				CLANG_WARN_STRICT_PROTOTYPES = YES;
				CLANG_WARN_SUSPICIOUS_MOVE = YES;
				CLANG_WARN_UNGUARDED_AVAILABILITY = YES_AGGRESSIVE;
				CLANG_WARN_UNREACHABLE_CODE = YES;
				CLANG_WARN__DUPLICATE_METHOD_MATCH = YES;
				CODE_SIGN_IDENTITY = "iPhone Developer";
				COPY_PHASE_STRIP = NO;
				DEBUG_INFORMATION_FORMAT = "dwarf-with-dsym";
				ENABLE_NS_ASSERTIONS = NO;
				ENABLE_STRICT_OBJC_MSGSEND = YES;
				GCC_C_LANGUAGE_STANDARD = gnu11;
				GCC_NO_COMMON_BLOCKS = YES;
				GCC_WARN_64_TO_32_BIT_CONVERSION = YES;
				GCC_WARN_ABOUT_RETURN_TYPE = YES_ERROR;
				GCC_WARN_UNDECLARED_SELECTOR = YES;
				GCC_WARN_UNINITIALIZED_AUTOS = YES_AGGRESSIVE;
				GCC_WARN_UNUSED_FUNCTION = YES;
				GCC_WARN_UNUSED_VARIABLE = YES;
				IPHONEOS_DEPLOYMENT_TARGET = 12.0;
				MTL_ENABLE_DEBUG_INFO = NO;
				MTL_FAST_MATH = YES;
				SDKROOT = iphoneos;
				SWIFT_COMPILATION_MODE = wholemodule;
				SWIFT_OPTIMIZATION_LEVEL = "-O";
				VALIDATE_PRODUCT = YES;
			};
			name = Release;
		};
		21A63C8B21A83203002415E3 /* Debug */ = {
			isa = XCBuildConfiguration;
			baseConfigurationReference = 1653EA54214DAD58C5ABD904 /* Pods-RealnBugTests.debug.xcconfig */;
			buildSettings = {
				ASSETCATALOG_COMPILER_APPICON_NAME = AppIcon;
				CODE_SIGN_STYLE = Automatic;
				DEVELOPMENT_TEAM = ARCY927SE9;
				INFOPLIST_FILE = RealnBugTests/Info.plist;
				IPHONEOS_DEPLOYMENT_TARGET = 10.0;
				LD_RUNPATH_SEARCH_PATHS = (
					"$(inherited)",
					"@executable_path/Frameworks",
				);
				PRODUCT_BUNDLE_IDENTIFIER = Ronte.RealnBugTests;
				PRODUCT_NAME = "$(TARGET_NAME)";
				SWIFT_VERSION = 4.0;
				TARGETED_DEVICE_FAMILY = "1,2";
			};
			name = Debug;
		};
		21A63C8C21A83203002415E3 /* Release */ = {
			isa = XCBuildConfiguration;
			baseConfigurationReference = F857BBC2A9AF0040BA77E399 /* Pods-RealnBugTests.release.xcconfig */;
			buildSettings = {
				ASSETCATALOG_COMPILER_APPICON_NAME = AppIcon;
				CODE_SIGN_STYLE = Automatic;
				DEVELOPMENT_TEAM = ARCY927SE9;
				INFOPLIST_FILE = RealnBugTests/Info.plist;
				IPHONEOS_DEPLOYMENT_TARGET = 10.0;
				LD_RUNPATH_SEARCH_PATHS = (
					"$(inherited)",
					"@executable_path/Frameworks",
				);
				PRODUCT_BUNDLE_IDENTIFIER = Ronte.RealnBugTests;
				PRODUCT_NAME = "$(TARGET_NAME)";
				SWIFT_VERSION = 4.0;
				TARGETED_DEVICE_FAMILY = "1,2";
			};
			name = Release;
		};
/* End XCBuildConfiguration section */

/* Begin XCConfigurationList section */
		21A63C7321A83201002415E3 /* Build configuration list for PBXProject "RealnBugTests" */ = {
			isa = XCConfigurationList;
			buildConfigurations = (
				21A63C8821A83203002415E3 /* Debug */,
				21A63C8921A83203002415E3 /* Release */,
			);
			defaultConfigurationIsVisible = 0;
			defaultConfigurationName = Release;
		};
		21A63C8A21A83203002415E3 /* Build configuration list for PBXNativeTarget "RealnBugTests" */ = {
			isa = XCConfigurationList;
			buildConfigurations = (
				21A63C8B21A83203002415E3 /* Debug */,
				21A63C8C21A83203002415E3 /* Release */,
			);
			defaultConfigurationIsVisible = 0;
			defaultConfigurationName = Release;
		};
/* End XCConfigurationList section */
	};
	rootObject = 21A63C7021A83201002415E3 /* Project object */;
}
